{
  "name": "@identus-edge-agent-sdk/integration-tests-esm",
  "version": "0.0.0",
  "lockfileVersion": 3,
  "requires": true,
  "packages": {
    "": {
      "name": "@identus-edge-agent-sdk/integration-tests-esm",
      "version": "0.0.0",
      "devDependencies": {
        "sdk": "file:../../../"
      },
      "engines": {
        "node": ">=18"
      }
    },
    "../../..": {
      "name": "@hyperledger/identus-sdk",
      "version": "6.5.1",
      "dev": true,
      "license": "Apache-2.0",
      "dependencies": {
        "@hyperledger/identus-apollo": "^1.4.5",
        "@noble/ciphers": "^0.6.0",
        "@scure/bip39": "^1.1.1",
        "@sd-jwt/sd-jwt-vc": "^0.7.1",
        "@sinclair/typebox": "^0.32.31",
        "@stablelib/sha256": "^1.0.1",
        "@stablelib/uuid": "^1.0.2",
        "bn.js": "^5.2.1",
        "did-jwt": "^8.0.4",
        "did-resolver": "^4.1.0",
        "google-protobuf": "^3.21.2",
        "hash.js": "1.1.7",
        "isows": "^1.0.3",
        "jsonld": "^8.3.2",
        "multiformats": "^9.9.0",
        "pako": "^2.1.0",
        "patch-package": "^8.0.0",
        "postinstall-postinstall": "^2.1.0",
        "ws": "^8.17.1"
      },
      "devDependencies": {
        "@eslint/eslintrc": "3",
        "@semantic-release/changelog": "^6.0.3",
        "@semantic-release/commit-analyzer": "^13.0.1",
        "@semantic-release/exec": "^7.1.0",
        "@semantic-release/git": "^10.0.1",
        "@semantic-release/release-notes-generator": "^14.0.3",
        "@swc/core": "^1.11.24",
        "@trust0/identus-store": "^1.0.2",
        "@trust0/ridb": "^1.5.28",
        "@trust0/ridb-core": "^1.7.23",
        "@types/google-protobuf": "^3.15.6",
        "@types/jsonld": "^1.5.14",
        "@types/node": "^22",
        "@types/pako": "^2.0.3",
        "@typescript-eslint/eslint-plugin": "^8.31.1",
        "@typescript-eslint/parser": "^8.31.1",
        "@vitest/browser": "^3.1.2",
        "@vitest/coverage-istanbul": "^3.1.2",
        "conventional-changelog-conventionalcommits": "^9.0.0",
        "eslint": "^9.26.0",
        "eslint-plugin-eslint-comments": "^3.2.0",
        "eslint-plugin-jest": "^28.11.0",
        "husky": "^9.0.11",
        "jsdom": "^24.1.0",
        "prettier": "^3.5.3",
        "protoc-gen-ts": "^0.8.7",
        "semantic-release": "^24.2.5",
        "tsup": "^8.4.0",
        "typedoc": "^0.28.4",
        "typedoc-plugin-markdown": "^4.6.3",
        "typedoc-plugin-rename-defaults": "^0.7.3",
        "typedoc-theme-hierarchy": "^6.0.0",
        "typescript": "^5.8.3",
        "vitest": "^3.1.2"
      },
      "peerDependencies": {
        "@types/elliptic": "^6.4.16",
        "buffer": "^6.0.3",
        "core-js": "^3.32.2",
        "elliptic": "^6.5.4",
        "jsdom": "^24.1.0"
      }
    },
    "node_modules/sdk": {
      "resolved": "../../..",
      "link": true
    }
  }
}
